
Microsoft Visual Studio Solution File, Format Version 12.00
# Visual Studio Version 16
VisualStudioVersion = 16.0.30503.244
MinimumVisualStudioVersion = 10.0.40219.1
Project("{FAE04EC0-301F-11D3-BF4B-00C04F79EFBC}") = "FigureRecognition", "FigureRecognition\FigureRecognition.csproj", "{E97ACE29-9950-41B0-A7B5-5C015438113B}"
EndProject
Project("{FAE04EC0-301F-11D3-BF4B-00C04F79EFBC}") = "SymbolRecognition", "SymbolRecognition\SymbolRecognition.csproj", "{EEC4BEF9-C01F-4768-9D07-6BFA2EDE51DB}"
EndProject
Project("{FAE04EC0-301F-11D3-BF4B-00C04F79EFBC}") = "ContourRecognition", "ContourRecognition\ContourRecognition.csproj", "{7B2AF9CE-CC3F-4FFA-A7A4-FA82222FCB51}"
	ProjectSection(ProjectDependencies) = postProject
		{E97ACE29-9950-41B0-A7B5-5C015438113B} = {E97ACE29-9950-41B0-A7B5-5C015438113B}
	EndProjectSection
EndProject
Global
	GlobalSection(SolutionConfigurationPlatforms) = preSolution
		Debug|Any CPU = Debug|Any CPU
		Release|Any CPU = Release|Any CPU
	EndGlobalSection
	GlobalSection(ProjectConfigurationPlatforms) = postSolution
		{E97ACE29-9950-41B0-A7B5-5C015438113B}.Debug|Any CPU.ActiveCfg = Debug|Any CPU
		{E97ACE29-9950-41B0-A7B5-5C015438113B}.Debug|Any CPU.Build.0 = Debug|Any CPU
		{E97ACE29-9950-41B0-A7B5-5C015438113B}.Release|Any CPU.ActiveCfg = Release|Any CPU
		{E97ACE29-9950-41B0-A7B5-5C015438113B}.Release|Any CPU.Build.0 = Release|Any CPU
		{EEC4BEF9-C01F-4768-9D07-6BFA2EDE51DB}.Debug|Any CPU.ActiveCfg = Debug|Any CPU
		{EEC4BEF9-C01F-4768-9D07-6BFA2EDE51DB}.Debug|Any CPU.Build.0 = Debug|Any CPU
		{EEC4BEF9-C01F-4768-9D07-6BFA2EDE51DB}.Release|Any CPU.ActiveCfg = Release|Any CPU
		{EEC4BEF9-C01F-4768-9D07-6BFA2EDE51DB}.Release|Any CPU.Build.0 = Release|Any CPU
		{7B2AF9CE-CC3F-4FFA-A7A4-FA82222FCB51}.Debug|Any CPU.ActiveCfg = Debug|Any CPU
		{7B2AF9CE-CC3F-4FFA-A7A4-FA82222FCB51}.Debug|Any CPU.Build.0 = Debug|Any CPU
		{7B2AF9CE-CC3F-4FFA-A7A4-FA82222FCB51}.Release|Any CPU.ActiveCfg = Release|Any CPU
		{7B2AF9CE-CC3F-4FFA-A7A4-FA82222FCB51}.Release|Any CPU.Build.0 = Release|Any CPU
	EndGlobalSection
	GlobalSection(SolutionProperties) = preSolution
		HideSolutionNode = FALSE
	EndGlobalSection
	GlobalSection(ExtensibilityGlobals) = postSolution
		SolutionGuid = {047C6CF6-00D7-4346-B84B-B74090AC59AC}
	EndGlobalSection
EndGlobal
